
Microsoft Visual Studio Solution File, Format Version 12.00
# Visual Studio 15
VisualStudioVersion = 15.0.27703.2026
MinimumVisualStudioVersion = 10.0.40219.1
Project("{FAE04EC0-301F-11D3-BF4B-00C04F79EFBC}") = "SportsStore", "SportsStore\SportsStore.csproj", "{B75E93C1-2E28-4085-8CF7-ED98A8DC3360}"
EndProject
Global
	GlobalSection(SolutionConfigurationPlatforms) = preSolution
		Debug|Any CPU = Debug|Any CPU
		Release|Any CPU = Release|Any CPU
	EndGlobalSection
	GlobalSection(ProjectConfigurationPlatforms) = postSolution
		{B75E93C1-2E28-4085-8CF7-ED98A8DC3360}.Debug|Any CPU.ActiveCfg = Debug|Any CPU
		{B75E93C1-2E28-4085-8CF7-ED98A8DC3360}.Debug|Any CPU.Build.0 = Debug|Any CPU
		{B75E93C1-2E28-4085-8CF7-ED98A8DC3360}.Release|Any CPU.ActiveCfg = Release|Any CPU
		{B75E93C1-2E28-4085-8CF7-ED98A8DC3360}.Release|Any CPU.Build.0 = Release|Any CPU
	EndGlobalSection
	GlobalSection(SolutionProperties) = preSolution
		HideSolutionNode = FALSE
	EndGlobalSection
	GlobalSection(ExtensibilityGlobals) = postSolution
		SolutionGuid = {D7407101-F32A-4887-8808-0ED8A2442912}
	EndGlobalSection
EndGlobal
